<?xml version="1.0" encoding="utf-8"?>
<Project ToolsVersion="Current" xmlns="http://schemas.microsoft.com/developer/msbuild/2003">
  <ItemGroup>
    <ClCompile Include="Matrix.cpp">
      <Filter>Исходные файлы</Filter>
    </ClCompile>
    <ClCompile Include="AttentionCompute.cpp">
      <Filter>Исходные файлы</Filter>
    </ClCompile>
    <ClCompile Include="main.cpp">
      <Filter>Исходные файлы</Filter>
    </ClCompile>
    <ClCompile Include="GPUContext.cpp">
      <Filter>Исходные файлы</Filter>
    </ClCompile>
    <ClCompile Include="KernelSource.cpp">
      <Filter>Исходные файлы</Filter>
    </ClCompile>
  </ItemGroup>
  <ItemGroup>
    <ClInclude Include="Matrix.h">
      <Filter>Файлы заголовков</Filter>
    </ClInclude>
    <ClInclude Include="AttentionCompute.h">
      <Filter>Файлы заголовков</Filter>
    </ClInclude>
    <ClInclude Include="OpenCLException.h">
      <Filter>Файлы заголовков</Filter>
    </ClInclude>
    <ClInclude Include="GPUContext.h">
      <Filter>Файлы заголовков</Filter>
    </ClInclude>
    <ClInclude Include="KernelSource.h">
      <Filter>Файлы заголовков</Filter>
    </ClInclude>
    <ClInclude Include="OpenCLMemory.h">
      <Filter>Файлы заголовков</Filter>
    </ClInclude>
  </ItemGroup>
  <ItemGroup>
    <Filter Include="Исходные файлы">
      <UniqueIdentifier>{479031cd-4fae-4c01-b90a-dc7af626bce3}</UniqueIdentifier>
    </Filter>
    <Filter Include="Файлы ресурсов">
      <UniqueIdentifier>{b8e89f1d-387c-4ec8-a86a-b33e2bb32e38}</UniqueIdentifier>
    </Filter>
    <Filter Include="Файлы заголовков">
      <UniqueIdentifier>{a7f869cd-0a02-4d7a-a782-4b760a19656a}</UniqueIdentifier>
    </Filter>
  </ItemGroup>
</Project>