<?xml version="1.0" encoding="utf-8"?>
<Project ToolsVersion="4.0" xmlns="http://schemas.microsoft.com/developer/msbuild/2003">
  <ItemGroup>
    <Filter Include="Shaders">
      <UniqueIdentifier>{915B0FB1-F196-4F1C-A869-8721848297BB}</UniqueIdentifier>
      <Extensions>vs;gs;ps;hlsl</Extensions>
    </Filter>
    <Filter Include="Исходные файлы">
      <UniqueIdentifier>{9B58B13E-CBF8-4C8F-9B3E-CBDAC6B19156}</UniqueIdentifier>
      <Extensions>cpp;c;cxx</Extensions>
    </Filter>
    <Filter Include="Файлы заголовков">
      <UniqueIdentifier>{A5658501-7C79-4C9E-91C5-54D32C65AABF}</UniqueIdentifier>
      <Extensions>h;hpp;hxx</Extensions>
    </Filter>
    <Filter Include="Файлы ресурсов">
      <UniqueIdentifier>{F23627B7-46BD-4504-99BC-404A0F03E93A}</UniqueIdentifier>
    </Filter>
  </ItemGroup>
  <ItemGroup>
    <ClCompile Include="Game.cpp">
      <Filter>Исходные файлы</Filter>
    </ClCompile>
    <ClCompile Include="main.cpp">
      <Filter>Исходные файлы</Filter>
    </ClCompile>
    <ClCompile Include="OpenCLException.cpp">
      <Filter>Исходные файлы</Filter>
    </ClCompile>
    <ClCompile Include="OpenCLRuntime.cpp">
      <Filter>Исходные файлы</Filter>
    </ClCompile>
    <ClCompile Include="Particles.cpp">
      <Filter>Исходные файлы</Filter>
    </ClCompile>
    <ClCompile Include="Renderer.cpp">
      <Filter>Исходные файлы</Filter>
    </ClCompile>
  </ItemGroup>
  <ItemGroup>
    <ClInclude Include="Game.h">
      <Filter>Файлы заголовков</Filter>
    </ClInclude>
    <ClInclude Include="Geometry.h">
      <Filter>Файлы заголовков</Filter>
    </ClInclude>
    <ClInclude Include="OpenCLException.h">
      <Filter>Файлы заголовков</Filter>
    </ClInclude>
    <ClInclude Include="OpenCLRuntime.h">
      <Filter>Файлы заголовков</Filter>
    </ClInclude>
    <ClInclude Include="Particles.h">
      <Filter>Файлы заголовков</Filter>
    </ClInclude>
    <ClInclude Include="Renderer.h">
      <Filter>Файлы заголовков</Filter>
    </ClInclude>
  </ItemGroup>
  <ItemGroup>
    <None Include="SolidVertex.vs">
      <Filter>Shaders</Filter>
    </None>
    <None Include="ParticleVertex.vs">
      <Filter>Shaders</Filter>
    </None>
    <None Include="ParticleGeometry.gs">
      <Filter>Shaders</Filter>
    </None>
    <None Include="ColorPixel.ps">
      <Filter>Shaders</Filter>
    </None>
    <None Include="particles.cl">
      <Filter>Файлы ресурсов</Filter>
    </None>
  </ItemGroup>
</Project>